
Microsoft Visual Studio Solution File, Format Version 12.00
# Visual Studio Version 16
VisualStudioVersion = 16.0.29123.88
MinimumVisualStudioVersion = 10.0.40219.1
Project("{FAE04EC0-301F-11D3-BF4B-00C04F79EFBC}") = "EatingPlanBlazorPlayground.Server", "EatingPlanBlazorPlayground.Server\EatingPlanBlazorPlayground.Server.csproj", "{55240D17-1981-4BA4-8B29-F16599AF66F6}"
EndProject
Project("{FAE04EC0-301F-11D3-BF4B-00C04F79EFBC}") = "EatingPlanBlazorPlayground.Client", "EatingPlanBlazorPlayground.Client\EatingPlanBlazorPlayground.Client.csproj", "{75C331B9-D6AB-47B0-9666-3650D77A78B7}"
EndProject
Project("{FAE04EC0-301F-11D3-BF4B-00C04F79EFBC}") = "EatingPlanBlazorPlayground.Shared", "EatingPlanBlazorPlayground.Shared\EatingPlanBlazorPlayground.Shared.csproj", "{B249BBFB-8188-475D-9FFD-25F4E0D66081}"
EndProject
Global
	GlobalSection(SolutionConfigurationPlatforms) = preSolution
		Debug|Any CPU = Debug|Any CPU
		Release|Any CPU = Release|Any CPU
	EndGlobalSection
	GlobalSection(ProjectConfigurationPlatforms) = postSolution
		{55240D17-1981-4BA4-8B29-F16599AF66F6}.Debug|Any CPU.ActiveCfg = Debug|Any CPU
		{55240D17-1981-4BA4-8B29-F16599AF66F6}.Debug|Any CPU.Build.0 = Debug|Any CPU
		{55240D17-1981-4BA4-8B29-F16599AF66F6}.Release|Any CPU.ActiveCfg = Release|Any CPU
		{55240D17-1981-4BA4-8B29-F16599AF66F6}.Release|Any CPU.Build.0 = Release|Any CPU
		{75C331B9-D6AB-47B0-9666-3650D77A78B7}.Debug|Any CPU.ActiveCfg = Debug|Any CPU
		{75C331B9-D6AB-47B0-9666-3650D77A78B7}.Debug|Any CPU.Build.0 = Debug|Any CPU
		{75C331B9-D6AB-47B0-9666-3650D77A78B7}.Release|Any CPU.ActiveCfg = Release|Any CPU
		{75C331B9-D6AB-47B0-9666-3650D77A78B7}.Release|Any CPU.Build.0 = Release|Any CPU
		{B249BBFB-8188-475D-9FFD-25F4E0D66081}.Debug|Any CPU.ActiveCfg = Debug|Any CPU
		{B249BBFB-8188-475D-9FFD-25F4E0D66081}.Debug|Any CPU.Build.0 = Debug|Any CPU
		{B249BBFB-8188-475D-9FFD-25F4E0D66081}.Release|Any CPU.ActiveCfg = Release|Any CPU
		{B249BBFB-8188-475D-9FFD-25F4E0D66081}.Release|Any CPU.Build.0 = Release|Any CPU
	EndGlobalSection
	GlobalSection(SolutionProperties) = preSolution
		HideSolutionNode = FALSE
	EndGlobalSection
	GlobalSection(ExtensibilityGlobals) = postSolution
		SolutionGuid = {A095C7F1-2A6C-4D4E-B939-5B2821A9F0D0}
	EndGlobalSection
EndGlobal
